
Microsoft Visual Studio Solution File, Format Version 12.00
# Visual Studio 15
VisualStudioVersion = 15.0.27004.2005
MinimumVisualStudioVersion = 10.0.40219.1
Project("{FAE04EC0-301F-11D3-BF4B-00C04F79EFBC}") = "FactoryExample", "FactoryExample\FactoryExample.csproj", "{358B9939-94F1-412D-9404-D08EB36F8545}"
EndProject
Global
	GlobalSection(SolutionConfigurationPlatforms) = preSolution
		Debug|Any CPU = Debug|Any CPU
		Release|Any CPU = Release|Any CPU
	EndGlobalSection
	GlobalSection(ProjectConfigurationPlatforms) = postSolution
		{358B9939-94F1-412D-9404-D08EB36F8545}.Debug|Any CPU.ActiveCfg = Debug|Any CPU
		{358B9939-94F1-412D-9404-D08EB36F8545}.Debug|Any CPU.Build.0 = Debug|Any CPU
		{358B9939-94F1-412D-9404-D08EB36F8545}.Release|Any CPU.ActiveCfg = Release|Any CPU
		{358B9939-94F1-412D-9404-D08EB36F8545}.Release|Any CPU.Build.0 = Release|Any CPU
	EndGlobalSection
	GlobalSection(SolutionProperties) = preSolution
		HideSolutionNode = FALSE
	EndGlobalSection
	GlobalSection(ExtensibilityGlobals) = postSolution
		SolutionGuid = {645F59B4-3785-42D2-9E29-4C760C0A0320}
	EndGlobalSection
EndGlobal
